github.com/Floor-Gang/authclient v0.0.0-20200701030010-b8a9026b2da8 h1:o0XV7D2phcR5bDi7AP8m7+x5rm+7Pki6ar/GI2DuZl4=
github.com/Floor-Gang/authclient v0.0.0-20200701030010-b8a9026b2da8/go.mod h1:I0qmN/m/+qKnJmJXk81OTW3shZxZw9K8u+Mz4Ke8fCM=
github.com/Floor-Gang/authclient v0.0.0-20200702205006-0d71ed95c0d2 h1:tNIn98hsAB6N2uu9wG24sZCGgZ47adNM0sbFQFO9dlU=
github.com/Floor-Gang/authclient v0.0.0-20200702205006-0d71ed95c0d2/go.mod h1:I0qmN/m/+qKnJmJXk81OTW3shZxZw9K8u+Mz4Ke8fCM=
github.com/Floor-Gang/authclient v0.0.0-20200731095157-bb72a661d9be h1:SuEuiPXORLUrni4JsDI0CiEbNSrs6qizW2VKpRC48e8=
github.com/Floor-Gang/authclient v0.0.0-20200731095157-bb72a661d9be/go.mod h1:vJERDEt1n+YUs0sfFY3riqGqHmO+5ftZ8QuGPnDDlVM=
github.com/Floor-Gang/authserver v0.0.0-20200731094633-3cc37269fde1 h1:TLhXCY5xxgEvYBL8SFtyW5MNvTA4OnMAcaE0f0ufcBk=
github.com/Floor-Gang/authserver v0.0.0-20200731094633-3cc37269fde1/go.mod h1:5SPCZaopVNVU3zMB4/ZYdri+Ps2xYFyTbzGb6LcTNVc=
github.com/Floor-Gang/utility-package v0.0.0-20200701132541-ee11a019d90b h1:I2APUiQdNTNmkQjTNOuUdeQ4rXsSKP8APpgpZfamVEs=
github.com/Floor-Gang/utility-package v0.0.0-20200701132541-ee11a019d90b/go.mod h1:TzR6NaswSqgeABlo86E220LHn0pcsMGwFHeopxyaONk=
github.com/Floor-Gang/utilpkg v0.0.0-20200701183240-c8e7da20437f h1:z7tGKjWE8OqMnWn9N0bxzBcvoJZvB1e3wMH5oBcCUMg=
github.com/Floor-Gang/utilpkg v0.0.0-20200701183240-c8e7da20437f/go.mod h1:z6V4RsuXjH9PwW8db89XchibYnsaau9+LjfpXg2nhq4=
github.com/Floor-Gang/utilpkg v0.0.0-20200701192533-1d33bcedf7a1 h1:jrNbdR3TmdRfeQoS/YvWc7hnLSj7qTT42ao+K3saWwI=
github.com/Floor-Gang/utilpkg v0.0.0-20200701192533-1d33bcedf7a1/go.mod h1:z6V4RsuXjH9PwW8db89XchibYnsaau9+LjfpXg2nhq4=
github.com/Floor-Gang/utilpkg v0.0.0-20200704143746-ab20555c9a3a h1:vIijMIUclFO2dGbd6xHvAquvs/9kwL0OgRnSsL9VXRc=
github.com/Floor-Gang/utilpkg v0.0.0-20200704143746-ab20555c9a3a/go.mod h1:z6V4RsuXjH9PwW8db89XchibYnsaau9+LjfpXg2nhq4=
github.com/Floor-Gang/utilpkg v0.0.0-20200719193634-87559dd8f78a h1:agp2BSn/cv/J3WIAL8z32mblUsOZIEh/zUOhQ8YVNtU=
github.com/Floor-Gang/utilpkg v0.0.0-20200719193634-87559dd8f78a/go.mod h1:YGMhgcYTkgeexqN0A4t3fP9MBFF+IFEY0sjFcM7Q6Ko=
github.com/PuerkitoBio/goquery v1.5.1/go.mod h1:GsLWisAFVj4WgDibEWF4pvYnkVQBpKBKeU+7zCJoLcc=
github.com/andybalholm/cascadia v1.1.0/go.mod h1:GsXiBklL0woXo1j/WYWtSYYC4ouU9PqHO0sqidkEA4Y=
github.com/bwmarrin/discordgo v0.21.1 h1:UI2PWwzvn5IFuscYcDc6QB/duhs9MUIjQ4HclcIZisc=
github.com/bwmarrin/discordgo v0.21.1/go.mod h1:c1WtWUGN6nREDmzIpyTp/iD3VYt4Fpx+bVyfBG7JE+M=
github.com/bwmarrin/discordgo v0.22.0 h1:uBxY1HmlVCsW1IuaPjpCGT6A2DBwRn0nvOguQIxDdFM=
github.com/bwmarrin/discordgo v0.22.0/go.mod h1:c1WtWUGN6nREDmzIpyTp/iD3VYt4Fpx+bVyfBG7JE+M=
github.com/go-yaml/yaml v2.1.0+incompatible h1:RYi2hDdss1u4YE7GwixGzWwVo47T8UQwnTLB6vQiq+o=
github.com/go-yaml/yaml v2.1.0+incompatible/go.mod h1:w2MrLa16VYP0jy6N7M5kHaCkaLENm+P+Tv+MfurjSw0=
github.com/gorilla/websocket v1.4.0 h1:WDFjx/TMzVgy9VdMMQi2K2Emtwi2QcUQsztZ/zLaH/Q=
github.com/gorilla/websocket v1.4.0/go.mod h1:E7qHFY5m1UJ88s3WnNqhKjPHQ0heANvMoAMk2YaljkQ=
github.com/kr/pty v1.1.1/go.mod h1:pFQYn66WHrOpPYNljwOMqo10TkYh1fy3cYio2l3bCsQ=
github.com/kr/text v0.1.0/go.mod h1:4Jbv+DJW3UT/LiOwJeYQe1efqtUx/iVham/4vfdArNI=
github.com/mattn/go-sqlite3 v1.14.0/go.mod h1:JIl7NbARA7phWnGvh0LKTyg7S9BA+6gx71ShQilpsus=
github.com/niemeyer/pretty v0.0.0-20200227124842-a10e7caefd8e/go.mod h1:zD1mROLANZcx1PVRCS0qkT7pwLkGfwJo4zjcN/Tysno=
golang.org/x/crypto v0.0.0-20181030102418-4d3f4d9ffa16 h1:y6ce7gCWtnH+m3dCjzQ1PCuwl28DDIc3VNnvY29DlIA=
golang.org/x/crypto v0.0.0-20181030102418-4d3f4d9ffa16/go.mod h1:6SG95UA2DQfeDnfUPMdvaQW0Q7yPrPDi9nlGo2tz2b4=
golang.org/x/crypto v0.0.0-20190308221718-c2843e01d9a2/go.mod h1:djNgcEr1/C05ACkg1iLfiJU5Ep61QUkGW8qpdssI0+w=
golang.org/x/crypto v0.0.0-20200622213623-75b288015ac9 h1:psW17arqaxU48Z5kZ0CQnkZWQJsqcURM6tKiBApRjXI=
golang.org/x/crypto v0.0.0-20200622213623-75b288015ac9/go.mod h1:LzIPMQfyMNhhGPhUkYOs5KpL4U8rLKemX1yGLhDgUto=
golang.org/x/net v0.0.0-20180218175443-cbe0f9307d01/go.mod h1:mL1N/T3taQHkDXs73rZJwtUhF3w3ftmwwsq0BUmARs4=
golang.org/x/net v0.0.0-20190404232315-eb5bcb51f2a3/go.mod h1:t9HGtf8HONx5eT2rtn7q6eTqICYqUVnKs3thJo3Qplg=
golang.org/x/net v0.0.0-20200202094626-16171245cfb2/go.mod h1:z5CRVTTTmAJ677TzLLGU+0bjPO0LkuOLi4/5GtJWs/s=
golang.org/x/net v0.0.0-20200324143707-d3edc9973b7e/go.mod h1:qpuaurCH72eLCgpAm/N6yyVIVM9cpaDIP3A8BGJEC5A=
golang.org/x/sys v0.0.0-20190215142949-d0b11bdaac8a/go.mod h1:STP8DvDyc/dI5b8T5hshtkjS+E42TnysNCUPdjciGhY=
golang.org/x/sys v0.0.0-20190412213103-97732733099d/go.mod h1:h1NjWce9XRLGQEsW7wpKNCjG9DtNlClVuFLEZdDNbEs=
golang.org/x/sys v0.0.0-20200323222414-85ca7c5b95cd/go.mod h1:h1NjWce9XRLGQEsW7wpKNCjG9DtNlClVuFLEZdDNbEs=
golang.org/x/text v0.3.0/go.mod h1:NqM8EUOU14njkJ3fqMW+pc6Ldnwhi/IjpwHt7yyuwOQ=
gopkg.in/check.v1 v0.0.0-20161208181325-20d25e280405/go.mod h1:Co6ibVJAznAaIkqp8huTwlJQCZ016jof/cbN4VW5Yz0=
gopkg.in/check.v1 v1.0.0-20200227125254-8fa46927fb4f/go.mod h1:Co6ibVJAznAaIkqp8huTwlJQCZ016jof/cbN4VW5Yz0=
gopkg.in/yaml.v2 v2.3.0/go.mod h1:hI93XBmqTisBFMUTm0b8Fm+jr3Dg1NNxqwp+5A1VGuI=
